
Microsoft Visual Studio Solution File, Format Version 12.00
# Visual Studio Version 16
VisualStudioVersion = 16.0.29905.134
MinimumVisualStudioVersion = 10.0.40219.1
Project("{FAE04EC0-301F-11D3-BF4B-00C04F79EFBC}") = "DaMyNghe", "DaMyNghe\DaMyNghe.csproj", "{16A809CB-C1E4-4472-BF9B-E41D4BCE5BAA}"
EndProject
Global
	GlobalSection(SolutionConfigurationPlatforms) = preSolution
		Debug|Any CPU = Debug|Any CPU
		Release|Any CPU = Release|Any CPU
	EndGlobalSection
	GlobalSection(ProjectConfigurationPlatforms) = postSolution
		{16A809CB-C1E4-4472-BF9B-E41D4BCE5BAA}.Debug|Any CPU.ActiveCfg = Debug|Any CPU
		{16A809CB-C1E4-4472-BF9B-E41D4BCE5BAA}.Debug|Any CPU.Build.0 = Debug|Any CPU
		{16A809CB-C1E4-4472-BF9B-E41D4BCE5BAA}.Release|Any CPU.ActiveCfg = Release|Any CPU
		{16A809CB-C1E4-4472-BF9B-E41D4BCE5BAA}.Release|Any CPU.Build.0 = Release|Any CPU
	EndGlobalSection
	GlobalSection(SolutionProperties) = preSolution
		HideSolutionNode = FALSE
	EndGlobalSection
	GlobalSection(ExtensibilityGlobals) = postSolution
		SolutionGuid = {762BCD7F-268A-448E-A8D7-0A450F01A00C}
	EndGlobalSection
EndGlobal
